{
  "projects": [
    {
      "projectId": "YUiM7yqBWAqsh8KSnrdj7",
      "version": "0.26.0",
      "dependencies": {},
      "lang": "ts",
      "fileLocks": [
        {
          "assetId": "YUiM7yqBWAqsh8KSnrdj7",
          "type": "projectCss",
          "checksum": "dac72600b04b6e6a3014e82512a15fe1"
        }
      ],
      "codegenVersion": "0.0.1"
    },
    {
      "projectId": "7nJ7UcFmq9UzB6eXfC5z4a",
      "version": "0.25.0",
      "dependencies": {},
      "lang": "ts",
      "fileLocks": [
        {
          "assetId": "7nJ7UcFmq9UzB6eXfC5z4a",
          "type": "projectCss",
          "checksum": "05587b57f22f0ec8bb54543deb39762e"
        }
      ],
      "codegenVersion": "0.0.1"
    },
    {
      "projectId": "r3ASNrnyvLLLAtDvzUioQ",
      "version": "4.2.0",
      "dependencies": {},
      "lang": "ts",
      "fileLocks": [
        {
          "assetId": "r3ASNrnyvLLLAtDvzUioQ",
          "type": "projectCss",
          "checksum": "e1ec850476829c38b0f9b6d4f7ac446a"
        }
      ],
      "codegenVersion": "0.0.1"
    },
    {
      "projectId": "9Vr5YWkf3w7jj6SsTcCEta",
      "version": "0.7.0",
      "dependencies": {},
      "lang": "ts",
      "fileLocks": [
        {
          "assetId": "9Vr5YWkf3w7jj6SsTcCEta",
          "type": "projectCss",
          "checksum": "e1ec850476829c38b0f9b6d4f7ac446a"
        }
      ],
      "codegenVersion": "0.0.1"
    },
    {
      "projectId": "jkU633o1Cz7HrJdwdxhVHk",
      "version": "16.5.0",
      "dependencies": {},
      "lang": "ts",
      "fileLocks": [
        {
          "assetId": "jkU633o1Cz7HrJdwdxhVHk",
          "type": "projectCss",
          "checksum": "0581d4378bb1604bb5fe3f65bb0a37de"
        }
      ],
      "codegenVersion": "0.0.1"
    },
    {
      "projectId": "ohDidvG9XsCeFumugENU3J",
      "version": "6.19.0",
      "dependencies": {},
      "lang": "ts",
      "fileLocks": [
        {
          "assetId": "ohDidvG9XsCeFumugENU3J",
          "checksum": "de0a0e65174a6a185a8f822af51c6bdd",
          "type": "globalContexts"
        },
        {
          "assetId": "ohDidvG9XsCeFumugENU3J",
          "type": "projectCss",
          "checksum": "fd83b730367fdbde2c69bc6cf31c2a3c"
        }
      ],
      "codegenVersion": "0.0.1"
    },
    {
      "projectId": "uzL7MLDrNkZiDQaUBve1wf",
      "version": "latest",
      "dependencies": {
        "ohDidvG9XsCeFumugENU3J": "6.19.0",
        "jkU633o1Cz7HrJdwdxhVHk": "16.5.0",
        "9Vr5YWkf3w7jj6SsTcCEta": "0.7.0",
        "r3ASNrnyvLLLAtDvzUioQ": "4.2.0",
        "7nJ7UcFmq9UzB6eXfC5z4a": "0.25.0",
        "YUiM7yqBWAqsh8KSnrdj7": "0.26.0",
        "sqPBLwEBBKHA2WDuGb17eV": "0.7.0"
      },
      "lang": "ts",
      "fileLocks": [
        {
          "type": "globalVariant",
          "assetId": "StcidH67pONN4e",
          "checksum": "6b08bd30428c3c471b2a7bcfe3872b44"
        },
        {
          "assetId": "uzL7MLDrNkZiDQaUBve1wf",
          "checksum": "8e745095bf0e79bc19307f8b3de55be4",
          "type": "globalContexts"
        },
        {
          "type": "renderModule",
          "assetId": "cgPUeCn72oWlE",
          "checksum": "526a57a37e8f6f6be079f4fc590aba4e"
        },
        {
          "type": "cssRules",
          "assetId": "cgPUeCn72oWlE",
          "checksum": "526a57a37e8f6f6be079f4fc590aba4e"
        },
        {
          "type": "renderModule",
          "assetId": "mcBBv6I6gPl8iF",
          "checksum": "4b1de7ab2c2f14f83f60f9b3e7b02106"
        },
        {
          "type": "cssRules",
          "assetId": "mcBBv6I6gPl8iF",
          "checksum": "4b1de7ab2c2f14f83f60f9b3e7b02106"
        },
        {
          "type": "renderModule",
          "assetId": "DjlqHaVj5E",
          "checksum": "3ab5b3d9b52336ceb972452765bbbe60"
        },
        {
          "type": "cssRules",
          "assetId": "DjlqHaVj5E",
          "checksum": "3ab5b3d9b52336ceb972452765bbbe60"
        },
        {
          "type": "renderModule",
          "assetId": "xGLYzs7veW",
          "checksum": "962c93a83fbac55d3aa713a2cd011c39"
        },
        {
          "type": "cssRules",
          "assetId": "xGLYzs7veW",
          "checksum": "962c93a83fbac55d3aa713a2cd011c39"
        },
        {
          "type": "renderModule",
          "assetId": "yAd4Bu3qCA",
          "checksum": "8f9f7ed6d71a02fdfad4479d98913c5a"
        },
        {
          "type": "cssRules",
          "assetId": "yAd4Bu3qCA",
          "checksum": "8f9f7ed6d71a02fdfad4479d98913c5a"
        },
        {
          "type": "renderModule",
          "assetId": "TbqF7dSOyn",
          "checksum": "6aa5ecaa8d5430e879786059acd6ac05"
        },
        {
          "type": "cssRules",
          "assetId": "TbqF7dSOyn",
          "checksum": "6aa5ecaa8d5430e879786059acd6ac05"
        },
        {
          "type": "renderModule",
          "assetId": "8jl3uPMC9m",
          "checksum": "50b48a803dc9ca985178cecd7d95a9dc"
        },
        {
          "type": "cssRules",
          "assetId": "8jl3uPMC9m",
          "checksum": "50b48a803dc9ca985178cecd7d95a9dc"
        },
        {
          "type": "renderModule",
          "assetId": "UXSIw5rr6ki",
          "checksum": "afcc015698a81e10501b12e76dd4a4f5"
        },
        {
          "type": "cssRules",
          "assetId": "UXSIw5rr6ki",
          "checksum": "afcc015698a81e10501b12e76dd4a4f5"
        },
        {
          "type": "renderModule",
          "assetId": "jyMP_1m1nW",
          "checksum": "29abc8cedad82d720561456430430770"
        },
        {
          "type": "cssRules",
          "assetId": "jyMP_1m1nW",
          "checksum": "29abc8cedad82d720561456430430770"
        },
        {
          "type": "renderModule",
          "assetId": "F_FUewQemGz",
          "checksum": "d44ac01ac2180837a99becdca907abfd"
        },
        {
          "type": "cssRules",
          "assetId": "F_FUewQemGz",
          "checksum": "d44ac01ac2180837a99becdca907abfd"
        },
        {
          "type": "renderModule",
          "assetId": "pKCFzUM4uX",
          "checksum": "785a1b7cbaa3e8a465d042b27711e535"
        },
        {
          "type": "cssRules",
          "assetId": "pKCFzUM4uX",
          "checksum": "785a1b7cbaa3e8a465d042b27711e535"
        },
        {
          "type": "renderModule",
          "assetId": "TctOrN61lV",
          "checksum": "0d5347ee966fa274dd7c810aa6b491a1"
        },
        {
          "type": "cssRules",
          "assetId": "TctOrN61lV",
          "checksum": "0d5347ee966fa274dd7c810aa6b491a1"
        },
        {
          "type": "renderModule",
          "assetId": "Q2OGBST8lp",
          "checksum": "c6c402c7f5ccecc539f4bf6a742d55b8"
        },
        {
          "type": "cssRules",
          "assetId": "Q2OGBST8lp",
          "checksum": "c6c402c7f5ccecc539f4bf6a742d55b8"
        },
        {
          "type": "renderModule",
          "assetId": "yhxgNC5CiG",
          "checksum": "af9aad21d641aca0950b8ee448f02efd"
        },
        {
          "type": "cssRules",
          "assetId": "yhxgNC5CiG",
          "checksum": "af9aad21d641aca0950b8ee448f02efd"
        },
        {
          "type": "renderModule",
          "assetId": "TJhZvJpEpm",
          "checksum": "1d7f438fdf1d048cdd620f979e45d839"
        },
        {
          "type": "cssRules",
          "assetId": "TJhZvJpEpm",
          "checksum": "1d7f438fdf1d048cdd620f979e45d839"
        },
        {
          "type": "renderModule",
          "assetId": "6IUU2ypGcz",
          "checksum": "5d3f41f766b7b85325db9984d8661d66"
        },
        {
          "type": "cssRules",
          "assetId": "6IUU2ypGcz",
          "checksum": "5d3f41f766b7b85325db9984d8661d66"
        },
        {
          "type": "renderModule",
          "assetId": "qJCD7o382h",
          "checksum": "405c6edc94ab0fb383d9a9d1f268833c"
        },
        {
          "type": "cssRules",
          "assetId": "qJCD7o382h",
          "checksum": "405c6edc94ab0fb383d9a9d1f268833c"
        },
        {
          "type": "renderModule",
          "assetId": "W1OlkHb9N4",
          "checksum": "24ab64046ccecf080ff06aac68151799"
        },
        {
          "type": "cssRules",
          "assetId": "W1OlkHb9N4",
          "checksum": "24ab64046ccecf080ff06aac68151799"
        },
        {
          "type": "renderModule",
          "assetId": "pRzZD4AnBwq",
          "checksum": "971097fb11ea637bd663431619cb5427"
        },
        {
          "type": "cssRules",
          "assetId": "pRzZD4AnBwq",
          "checksum": "971097fb11ea637bd663431619cb5427"
        },
        {
          "type": "renderModule",
          "assetId": "u5SO6SlWaMIn",
          "checksum": "2ab233a52197ec0c5352c80c9066eab5"
        },
        {
          "type": "cssRules",
          "assetId": "u5SO6SlWaMIn",
          "checksum": "2ab233a52197ec0c5352c80c9066eab5"
        },
        {
          "type": "renderModule",
          "assetId": "HZaKTNznB8MJ",
          "checksum": "bfe423db6e0c8c1812cba4d15fbaffef"
        },
        {
          "type": "cssRules",
          "assetId": "HZaKTNznB8MJ",
          "checksum": "bfe423db6e0c8c1812cba4d15fbaffef"
        },
        {
          "type": "renderModule",
          "assetId": "I7kjAJ4INnHj",
          "checksum": "16b5567993e2d09dc4cd78e886b2b9a2"
        },
        {
          "type": "cssRules",
          "assetId": "I7kjAJ4INnHj",
          "checksum": "16b5567993e2d09dc4cd78e886b2b9a2"
        },
        {
          "type": "renderModule",
          "assetId": "hWfONOgVJn4L",
          "checksum": "2acea09085288d09585ed53d8bb0c7d6"
        },
        {
          "type": "cssRules",
          "assetId": "hWfONOgVJn4L",
          "checksum": "2acea09085288d09585ed53d8bb0c7d6"
        },
        {
          "type": "renderModule",
          "assetId": "rJiDAmiPUpjj",
          "checksum": "a582d370cbe89bb4689867bdadd472f6"
        },
        {
          "type": "cssRules",
          "assetId": "rJiDAmiPUpjj",
          "checksum": "a582d370cbe89bb4689867bdadd472f6"
        },
        {
          "type": "renderModule",
          "assetId": "ihmuDpsJi3Cb",
          "checksum": "d47f22a9e11ea874c0654461df8ddade"
        },
        {
          "type": "cssRules",
          "assetId": "ihmuDpsJi3Cb",
          "checksum": "d47f22a9e11ea874c0654461df8ddade"
        },
        {
          "type": "renderModule",
          "assetId": "7X73wCpmj9Ov",
          "checksum": "7c7c65b0359df613ea46362871639f1d"
        },
        {
          "type": "cssRules",
          "assetId": "7X73wCpmj9Ov",
          "checksum": "7c7c65b0359df613ea46362871639f1d"
        },
        {
          "type": "renderModule",
          "assetId": "M5Xk5pdCttsu",
          "checksum": "8533cdfd1b842b5bd1c4d145e211161c"
        },
        {
          "type": "cssRules",
          "assetId": "M5Xk5pdCttsu",
          "checksum": "8533cdfd1b842b5bd1c4d145e211161c"
        },
        {
          "type": "renderModule",
          "assetId": "a7ppcDbGWwYt",
          "checksum": "5d5c244200cbc3ecf928397778a9606d"
        },
        {
          "type": "cssRules",
          "assetId": "a7ppcDbGWwYt",
          "checksum": "5d5c244200cbc3ecf928397778a9606d"
        },
        {
          "type": "renderModule",
          "assetId": "_WBWxb6k6npY",
          "checksum": "bae0bfd363d3266bf3dc23845a0bd423"
        },
        {
          "type": "cssRules",
          "assetId": "_WBWxb6k6npY",
          "checksum": "bae0bfd363d3266bf3dc23845a0bd423"
        },
        {
          "type": "renderModule",
          "assetId": "_vOq5FSptHrw",
          "checksum": "92046d0db7fcf21f9924725fcb24e7b1"
        },
        {
          "type": "cssRules",
          "assetId": "_vOq5FSptHrw",
          "checksum": "92046d0db7fcf21f9924725fcb24e7b1"
        },
        {
          "type": "renderModule",
          "assetId": "1RfhwdtRup_T",
          "checksum": "c120170f5054a37c8a7f268ae0b85084"
        },
        {
          "type": "cssRules",
          "assetId": "1RfhwdtRup_T",
          "checksum": "c120170f5054a37c8a7f268ae0b85084"
        },
        {
          "type": "renderModule",
          "assetId": "VNfHtFia-qE2",
          "checksum": "54c6b7cf2f5d9d3318edba81292b742a"
        },
        {
          "type": "cssRules",
          "assetId": "VNfHtFia-qE2",
          "checksum": "54c6b7cf2f5d9d3318edba81292b742a"
        },
        {
          "type": "icon",
          "assetId": "OExptmvlh8drzH",
          "checksum": "17465b4d547383841d23f80daaf6f22c"
        },
        {
          "type": "icon",
          "assetId": "B8--TPF6chY4NG",
          "checksum": "4df3442f4cee2cc63138478504388b99"
        },
        {
          "type": "icon",
          "assetId": "-OYr8taNvSY",
          "checksum": "8981572481949fc8714ca0ce0819d0b0"
        },
        {
          "type": "icon",
          "assetId": "8fXDFb6NDoN",
          "checksum": "62e167ed6c9d7236394c87a82c2b2030"
        },
        {
          "type": "icon",
          "assetId": "SNFlT3n2xO_R",
          "checksum": "ac2a11a7c3be8cece052c4867f2c4968"
        },
        {
          "type": "icon",
          "assetId": "aXhcSG1tRcrv",
          "checksum": "d46dfdadd2121ba2ed63e2e7f7e47541"
        },
        {
          "type": "icon",
          "assetId": "NHK46kgtezBW",
          "checksum": "43abf18d0e71642ec979efed6e3156a7"
        },
        {
          "type": "icon",
          "assetId": "RHNGiP3mP8",
          "checksum": "b184e215fa52a90d5ba1feabb9902863"
        },
        {
          "type": "icon",
          "assetId": "k_4X76Kvfh",
          "checksum": "d76319552a5e9e3db5ff89b202ba9b92"
        },
        {
          "type": "icon",
          "assetId": "GLcyIp_DFO",
          "checksum": "6e14825bf9a7801a06c17be2374e542f"
        },
        {
          "type": "icon",
          "assetId": "49XzuP5DaIX3",
          "checksum": "9253f2914bbb9445225795926d1a14de"
        },
        {
          "type": "icon",
          "assetId": "1SYqIJsiKEU-",
          "checksum": "fd239616417117f7c26edd07de4945df"
        },
        {
          "type": "icon",
          "assetId": "pPiXuClYZ4wy",
          "checksum": "de9ea763cd8337c403e2acc8a8233096"
        },
        {
          "type": "icon",
          "assetId": "_dFCz2OtvylS",
          "checksum": "c94fba35a5d2387f9492add0a3fabff3"
        },
        {
          "type": "icon",
          "assetId": "pQS1AqnA9AaB",
          "checksum": "8c6c60064069d33bc6f0d959e68f0964"
        },
        {
          "type": "icon",
          "assetId": "etOc_NOHPm1U",
          "checksum": "55f634e3b986413205cd9961fe86f82d"
        },
        {
          "type": "icon",
          "assetId": "cKBqvi50adZq",
          "checksum": "4c997673349cd06ac3268b4c981fdf18"
        },
        {
          "type": "icon",
          "assetId": "jcwXxcZGuU6N",
          "checksum": "1baaba6122340438b70808e06c278762"
        },
        {
          "type": "icon",
          "assetId": "RF5M_oAGWGQd",
          "checksum": "1c0b81831b7a97a6d4858fe12e4a45c2"
        },
        {
          "type": "icon",
          "assetId": "SVjH9TuLd9NA",
          "checksum": "e0517af95721a653e52041324b2422d9"
        },
        {
          "type": "icon",
          "assetId": "VAVaJQX6lOKe",
          "checksum": "2bc4edcae8b28309e9a4df9a59fafc38"
        },
        {
          "type": "image",
          "assetId": "Ce-cZFh-B",
          "checksum": "aa91ad21164a84211445cac64fb4809b"
        },
        {
          "type": "image",
          "assetId": "UlzpJZQ0i",
          "checksum": "46d908d616a475ce449f640d7156662a"
        },
        {
          "type": "image",
          "assetId": "pexLg7v4G",
          "checksum": "3ad053bd3d7e557a6e6f6deeb01fa001"
        },
        {
          "type": "image",
          "assetId": "TS6CjGazM",
          "checksum": "f4e36b668e485dca46f209f119589d8c"
        },
        {
          "type": "image",
          "assetId": "In3LWhHgh",
          "checksum": "7c76440d23c70157a8ae07581176f084"
        },
        {
          "type": "image",
          "assetId": "OfkeUWajI",
          "checksum": "0d9f22d328de881226af09a71714f9f3"
        },
        {
          "type": "image",
          "assetId": "_McQx2zNj",
          "checksum": "a346ab0821042305d6c64a815fca4b1b"
        },
        {
          "type": "image",
          "assetId": "sik-2puL6",
          "checksum": "ef2f9961c8ccce73ba60570db953c84d"
        },
        {
          "type": "image",
          "assetId": "Op2FW-b7szhG",
          "checksum": "f72302476ca1edda94e851ba9be78d04"
        },
        {
          "assetId": "uzL7MLDrNkZiDQaUBve1wf",
          "type": "projectCss",
          "checksum": "b3edf591e65b12ec3766a391e6914048"
        },
        {
          "type": "renderModule",
          "assetId": "-WTEc_kwVtCz",
          "checksum": "8b28a6e13937778e233067a69d4c220a"
        },
        {
          "type": "cssRules",
          "assetId": "-WTEc_kwVtCz",
          "checksum": "8b28a6e13937778e233067a69d4c220a"
        },
        {
          "type": "renderModule",
          "assetId": "EpDSeZhugMDG",
          "checksum": "7fd21690dac7d27e536964c05627f896"
        },
        {
          "type": "cssRules",
          "assetId": "EpDSeZhugMDG",
          "checksum": "7fd21690dac7d27e536964c05627f896"
        }
      ],
      "codegenVersion": "0.0.1"
    },
    {
      "projectId": "sqPBLwEBBKHA2WDuGb17eV",
      "version": "0.7.0",
      "dependencies": {},
      "lang": "ts",
      "fileLocks": [
        {
          "assetId": "sqPBLwEBBKHA2WDuGb17eV",
          "type": "projectCss",
          "checksum": "e1ec850476829c38b0f9b6d4f7ac446a"
        },
        {
          "type": "renderModule",
          "assetId": "5nirPCGmCnRD",
          "checksum": "c32b2176a68362ef803b4010c3941d03"
        },
        {
          "type": "cssRules",
          "assetId": "5nirPCGmCnRD",
          "checksum": "c32b2176a68362ef803b4010c3941d03"
        },
        {
          "type": "icon",
          "assetId": "Wyt3GMMsLefj",
          "checksum": "d8c88f04735c43b3f7790b0889d20e0c"
        },
        {
          "type": "icon",
          "assetId": "MbDRsJU0e3bw",
          "checksum": "92672aa6935120ebaac11939d8d127bb"
        }
      ],
      "codegenVersion": "0.0.1"
    }
  ],
  "cliVersion": "0.1.322"
}
